
Microsoft Visual Studio Solution File, Format Version 12.00
# Visual Studio Version 17
VisualStudioVersion = 17.1.32228.430
MinimumVisualStudioVersion = 10.0.40219.1
Project("{FAE04EC0-301F-11D3-BF4B-00C04F79EFBC}") = "PreferredElementApi", "PreferredElementApi\PreferredElementApi.csproj", "{C862986B-43DF-4852-8B07-CE8BA68ED519}"
EndProject
Project("{FAE04EC0-301F-11D3-BF4B-00C04F79EFBC}") = "PreferredElementData", "PreferredElementData\PreferredElementData.csproj", "{D99BDB7C-C623-46F8-BF21-D6D81BA4E12C}"
EndProject
Project("{FAE04EC0-301F-11D3-BF4B-00C04F79EFBC}") = "PreferredElementData.Tests", "PreferredElementData.Tests\PreferredElementData.Tests.csproj", "{844FDF52-1EC3-4150-B7B7-6B201179C4DD}"
EndProject
Global
	GlobalSection(SolutionConfigurationPlatforms) = preSolution
		Debug|Any CPU = Debug|Any CPU
		Release|Any CPU = Release|Any CPU
	EndGlobalSection
	GlobalSection(ProjectConfigurationPlatforms) = postSolution
		{C862986B-43DF-4852-8B07-CE8BA68ED519}.Debug|Any CPU.ActiveCfg = Debug|Any CPU
		{C862986B-43DF-4852-8B07-CE8BA68ED519}.Debug|Any CPU.Build.0 = Debug|Any CPU
		{C862986B-43DF-4852-8B07-CE8BA68ED519}.Release|Any CPU.ActiveCfg = Release|Any CPU
		{C862986B-43DF-4852-8B07-CE8BA68ED519}.Release|Any CPU.Build.0 = Release|Any CPU
		{D99BDB7C-C623-46F8-BF21-D6D81BA4E12C}.Debug|Any CPU.ActiveCfg = Debug|Any CPU
		{D99BDB7C-C623-46F8-BF21-D6D81BA4E12C}.Debug|Any CPU.Build.0 = Debug|Any CPU
		{D99BDB7C-C623-46F8-BF21-D6D81BA4E12C}.Release|Any CPU.ActiveCfg = Release|Any CPU
		{D99BDB7C-C623-46F8-BF21-D6D81BA4E12C}.Release|Any CPU.Build.0 = Release|Any CPU
		{844FDF52-1EC3-4150-B7B7-6B201179C4DD}.Debug|Any CPU.ActiveCfg = Debug|Any CPU
		{844FDF52-1EC3-4150-B7B7-6B201179C4DD}.Debug|Any CPU.Build.0 = Debug|Any CPU
		{844FDF52-1EC3-4150-B7B7-6B201179C4DD}.Release|Any CPU.ActiveCfg = Release|Any CPU
		{844FDF52-1EC3-4150-B7B7-6B201179C4DD}.Release|Any CPU.Build.0 = Release|Any CPU
	EndGlobalSection
	GlobalSection(SolutionProperties) = preSolution
		HideSolutionNode = FALSE
	EndGlobalSection
	GlobalSection(ExtensibilityGlobals) = postSolution
		SolutionGuid = {F298AF4E-A7C9-41EF-BE82-3CF0BEF07DBB}
	EndGlobalSection
EndGlobal
